
Microsoft Visual Studio Solution File, Format Version 12.00
# Visual Studio Version 17
VisualStudioVersion = 17.14.36202.13
MinimumVisualStudioVersion = 10.0.40219.1
Project("{8BC9CEB8-8B4A-11D0-8D11-00A0C91BC942}") = "user_mode", "user_mode\user_mode.vcxproj", "{C46CD029-7E02-4910-8816-9FABAB33FE6F}"
EndProject
Project("{8BC9CEB8-8B4A-11D0-8D11-00A0C91BC942}") = "kernel_mode", "kernel_mode\kernel_mode.vcxproj", "{D684E667-2B61-EA87-E498-DC5BA862ED7D}"
EndProject
Global
	GlobalSection(SolutionConfigurationPlatforms) = preSolution
		Debug|ARM64 = Debug|ARM64
		Debug|x64 = Debug|x64
		Release|ARM64 = Release|ARM64
		Release|x64 = Release|x64
	EndGlobalSection
	GlobalSection(ProjectConfigurationPlatforms) = postSolution
		{C46CD029-7E02-4910-8816-9FABAB33FE6F}.Debug|ARM64.ActiveCfg = Debug|x64
		{C46CD029-7E02-4910-8816-9FABAB33FE6F}.Debug|ARM64.Build.0 = Debug|x64
		{C46CD029-7E02-4910-8816-9FABAB33FE6F}.Debug|x64.ActiveCfg = Debug|x64
		{C46CD029-7E02-4910-8816-9FABAB33FE6F}.Debug|x64.Build.0 = Debug|x64
		{C46CD029-7E02-4910-8816-9FABAB33FE6F}.Release|ARM64.ActiveCfg = Release|x64
		{C46CD029-7E02-4910-8816-9FABAB33FE6F}.Release|ARM64.Build.0 = Release|x64
		{C46CD029-7E02-4910-8816-9FABAB33FE6F}.Release|x64.ActiveCfg = Release|x64
		{C46CD029-7E02-4910-8816-9FABAB33FE6F}.Release|x64.Build.0 = Release|x64
		{D684E667-2B61-EA87-E498-DC5BA862ED7D}.Debug|ARM64.ActiveCfg = Debug|ARM64
		{D684E667-2B61-EA87-E498-DC5BA862ED7D}.Debug|ARM64.Build.0 = Debug|ARM64
		{D684E667-2B61-EA87-E498-DC5BA862ED7D}.Debug|ARM64.Deploy.0 = Debug|ARM64
		{D684E667-2B61-EA87-E498-DC5BA862ED7D}.Debug|x64.ActiveCfg = Debug|x64
		{D684E667-2B61-EA87-E498-DC5BA862ED7D}.Debug|x64.Build.0 = Debug|x64
		{D684E667-2B61-EA87-E498-DC5BA862ED7D}.Debug|x64.Deploy.0 = Debug|x64
		{D684E667-2B61-EA87-E498-DC5BA862ED7D}.Release|ARM64.ActiveCfg = Release|ARM64
		{D684E667-2B61-EA87-E498-DC5BA862ED7D}.Release|ARM64.Build.0 = Release|ARM64
		{D684E667-2B61-EA87-E498-DC5BA862ED7D}.Release|ARM64.Deploy.0 = Release|ARM64
		{D684E667-2B61-EA87-E498-DC5BA862ED7D}.Release|x64.ActiveCfg = Release|x64
		{D684E667-2B61-EA87-E498-DC5BA862ED7D}.Release|x64.Build.0 = Release|x64
		{D684E667-2B61-EA87-E498-DC5BA862ED7D}.Release|x64.Deploy.0 = Release|x64
	EndGlobalSection
	GlobalSection(SolutionProperties) = preSolution
		HideSolutionNode = FALSE
	EndGlobalSection
	GlobalSection(ExtensibilityGlobals) = postSolution
		SolutionGuid = {DB835BE8-4DB2-4A1F-AE2F-7CFC1B6370A1}
	EndGlobalSection
EndGlobal
